
Microsoft Visual Studio Solution File, Format Version 12.00
# Visual Studio Version 17
VisualStudioVersion = 17.1.32414.318
MinimumVisualStudioVersion = 10.0.40219.1
Project("{FAE04EC0-301F-11D3-BF4B-00C04F79EFBC}") = "LevgeProxy", "LevgeProxy\LevgeProxy.csproj", "{49658852-AA7C-4B0B-8092-DA98AF7FDB8A}"
EndProject
Project("{FAE04EC0-301F-11D3-BF4B-00C04F79EFBC}") = "LevgeProxyForm", "LevgeProxyForm\LevgeProxyForm.csproj", "{32939227-7224-4FBA-95CF-2367FC680DA1}"
EndProject
Project("{FAE04EC0-301F-11D3-BF4B-00C04F79EFBC}") = "LevgeClient", "LevgeClient\LevgeClient.csproj", "{5AE680DD-D3DD-4BB9-845E-4C04A1C1DA36}"
EndProject
Project("{FAE04EC0-301F-11D3-BF4B-00C04F79EFBC}") = "LevgeServer", "LevgeServer\LevgeServer.csproj", "{CFD4DD74-FC73-48AE-8012-7222894D3361}"
EndProject
Project("{FAE04EC0-301F-11D3-BF4B-00C04F79EFBC}") = "LevgeHexDump", "LevgeHexDump\LevgeHexDump.csproj", "{C4273F57-5D26-416A-9B32-3E0CAEB80967}"
EndProject
Global
	GlobalSection(SolutionConfigurationPlatforms) = preSolution
		Debug|Any CPU = Debug|Any CPU
		Release|Any CPU = Release|Any CPU
	EndGlobalSection
	GlobalSection(ProjectConfigurationPlatforms) = postSolution
		{49658852-AA7C-4B0B-8092-DA98AF7FDB8A}.Debug|Any CPU.ActiveCfg = Debug|Any CPU
		{49658852-AA7C-4B0B-8092-DA98AF7FDB8A}.Debug|Any CPU.Build.0 = Debug|Any CPU
		{49658852-AA7C-4B0B-8092-DA98AF7FDB8A}.Release|Any CPU.ActiveCfg = Release|Any CPU
		{49658852-AA7C-4B0B-8092-DA98AF7FDB8A}.Release|Any CPU.Build.0 = Release|Any CPU
		{32939227-7224-4FBA-95CF-2367FC680DA1}.Debug|Any CPU.ActiveCfg = Debug|Any CPU
		{32939227-7224-4FBA-95CF-2367FC680DA1}.Debug|Any CPU.Build.0 = Debug|Any CPU
		{32939227-7224-4FBA-95CF-2367FC680DA1}.Release|Any CPU.ActiveCfg = Release|Any CPU
		{32939227-7224-4FBA-95CF-2367FC680DA1}.Release|Any CPU.Build.0 = Release|Any CPU
		{5AE680DD-D3DD-4BB9-845E-4C04A1C1DA36}.Debug|Any CPU.ActiveCfg = Debug|Any CPU
		{5AE680DD-D3DD-4BB9-845E-4C04A1C1DA36}.Debug|Any CPU.Build.0 = Debug|Any CPU
		{5AE680DD-D3DD-4BB9-845E-4C04A1C1DA36}.Release|Any CPU.ActiveCfg = Release|Any CPU
		{5AE680DD-D3DD-4BB9-845E-4C04A1C1DA36}.Release|Any CPU.Build.0 = Release|Any CPU
		{CFD4DD74-FC73-48AE-8012-7222894D3361}.Debug|Any CPU.ActiveCfg = Debug|Any CPU
		{CFD4DD74-FC73-48AE-8012-7222894D3361}.Debug|Any CPU.Build.0 = Debug|Any CPU
		{CFD4DD74-FC73-48AE-8012-7222894D3361}.Release|Any CPU.ActiveCfg = Release|Any CPU
		{CFD4DD74-FC73-48AE-8012-7222894D3361}.Release|Any CPU.Build.0 = Release|Any CPU
		{C4273F57-5D26-416A-9B32-3E0CAEB80967}.Debug|Any CPU.ActiveCfg = Debug|Any CPU
		{C4273F57-5D26-416A-9B32-3E0CAEB80967}.Debug|Any CPU.Build.0 = Debug|Any CPU
		{C4273F57-5D26-416A-9B32-3E0CAEB80967}.Release|Any CPU.ActiveCfg = Release|Any CPU
		{C4273F57-5D26-416A-9B32-3E0CAEB80967}.Release|Any CPU.Build.0 = Release|Any CPU
	EndGlobalSection
	GlobalSection(SolutionProperties) = preSolution
		HideSolutionNode = FALSE
	EndGlobalSection
	GlobalSection(ExtensibilityGlobals) = postSolution
		SolutionGuid = {F9D10A14-C885-4587-9ED1-E0480BB84DC4}
	EndGlobalSection
EndGlobal
